
Microsoft Visual Studio Solution File, Format Version 12.00
# Visual Studio Version 16
VisualStudioVersion = 16.0.30204.135
MinimumVisualStudioVersion = 10.0.40219.1
Project("{FAE04EC0-301F-11D3-BF4B-00C04F79EFBC}") = "challenge", "challenge\challenge.csproj", "{56DD696B-3E44-475D-91F8-366812055B32}"
EndProject
Global
	GlobalSection(SolutionConfigurationPlatforms) = preSolution
		Debug|Any CPU = Debug|Any CPU
		Release|Any CPU = Release|Any CPU
	EndGlobalSection
	GlobalSection(ProjectConfigurationPlatforms) = postSolution
		{56DD696B-3E44-475D-91F8-366812055B32}.Debug|Any CPU.ActiveCfg = Debug|Any CPU
		{56DD696B-3E44-475D-91F8-366812055B32}.Debug|Any CPU.Build.0 = Debug|Any CPU
		{56DD696B-3E44-475D-91F8-366812055B32}.Release|Any CPU.ActiveCfg = Release|Any CPU
		{56DD696B-3E44-475D-91F8-366812055B32}.Release|Any CPU.Build.0 = Release|Any CPU
	EndGlobalSection
	GlobalSection(SolutionProperties) = preSolution
		HideSolutionNode = FALSE
	EndGlobalSection
	GlobalSection(ExtensibilityGlobals) = postSolution
		SolutionGuid = {2B78E599-874A-40F6-B379-679E18A168AA}
	EndGlobalSection
EndGlobal
